
Microsoft Visual Studio Solution File, Format Version 12.00
# Visual Studio Version 16
VisualStudioVersion = 16.0.31410.357
MinimumVisualStudioVersion = 10.0.40219.1
Project("{FAE04EC0-301F-11D3-BF4B-00C04F79EFBC}") = "CmsShop", "CmsShop\CmsShop.csproj", "{CDA36920-5BBE-4BAE-80CE-2C68CF39810C}"
EndProject
Global
	GlobalSection(SolutionConfigurationPlatforms) = preSolution
		Debug|Any CPU = Debug|Any CPU
		Release|Any CPU = Release|Any CPU
	EndGlobalSection
	GlobalSection(ProjectConfigurationPlatforms) = postSolution
		{CDA36920-5BBE-4BAE-80CE-2C68CF39810C}.Debug|Any CPU.ActiveCfg = Debug|Any CPU
		{CDA36920-5BBE-4BAE-80CE-2C68CF39810C}.Debug|Any CPU.Build.0 = Debug|Any CPU
		{CDA36920-5BBE-4BAE-80CE-2C68CF39810C}.Release|Any CPU.ActiveCfg = Release|Any CPU
		{CDA36920-5BBE-4BAE-80CE-2C68CF39810C}.Release|Any CPU.Build.0 = Release|Any CPU
	EndGlobalSection
	GlobalSection(SolutionProperties) = preSolution
		HideSolutionNode = FALSE
	EndGlobalSection
	GlobalSection(ExtensibilityGlobals) = postSolution
		SolutionGuid = {F67F0F42-ADF5-44A8-A988-48EDBBD4C66E}
	EndGlobalSection
EndGlobal
